Microsoft Visual Studio Solution File, Format Version 12.00
# Visual Studio Version 17
VisualStudioVersion = 17.5.2.0
MinimumVisualStudioVersion = 10.0.40219.1
Project("{2150E333-8FDC-42A3-9474-1A3956D46DE8}") = "dotnetapp", "dotnetapp", "{4C3F9227-D12A-8F9D-B921-D25331AA26D4}"
EndProject
Project("{FAE04EC0-301F-11D3-BF4B-00C04F79EFBC}") = "WebApp", "dotnetapp\WebApp\WebApp.csproj", "{DC9B1969-9FE3-AD6A-A944-C5F660E4A505}"
EndProject
Global
	GlobalSection(SolutionConfigurationPlatforms) = preSolution
		Debug|Any CPU = Debug|Any CPU
		Release|Any CPU = Release|Any CPU
	EndGlobalSection
	GlobalSection(ProjectConfigurationPlatforms) = postSolution
		{DC9B1969-9FE3-AD6A-A944-C5F660E4A505}.Debug|Any CPU.ActiveCfg = Debug|Any CPU
		{DC9B1969-9FE3-AD6A-A944-C5F660E4A505}.Debug|Any CPU.Build.0 = Debug|Any CPU
		{DC9B1969-9FE3-AD6A-A944-C5F660E4A505}.Release|Any CPU.ActiveCfg = Release|Any CPU
		{DC9B1969-9FE3-AD6A-A944-C5F660E4A505}.Release|Any CPU.Build.0 = Release|Any CPU
	EndGlobalSection
	GlobalSection(SolutionProperties) = preSolution
		HideSolutionNode = FALSE
	EndGlobalSection
	GlobalSection(NestedProjects) = preSolution
		{DC9B1969-9FE3-AD6A-A944-C5F660E4A505} = {4C3F9227-D12A-8F9D-B921-D25331AA26D4}
	EndGlobalSection
	GlobalSection(ExtensibilityGlobals) = postSolution
		SolutionGuid = {DC5D2646-E09A-43F7-B426-369A4D1A8A41}
	EndGlobalSection
EndGlobal
